// !$*UTF8*$!
{
	archiveVersion = 1;
	classes = {
	};
	objectVersion = 46;
	objects = {

/* Begin PBXBuildFile section */
		BC127DD91C099D0A0049C577 /* DetailViewController.swift in Sources */ = {isa = PBXBuildFile; fileRef = BC127DD81C099D0A0049C577 /* DetailViewController.swift */; };
		BC127DDB1C0A65420049C577 /* ActionButton.swift in Sources */ = {isa = PBXBuildFile; fileRef = BC127DDA1C0A65420049C577 /* ActionButton.swift */; };
		BC127DDD1C0A65500049C577 /* ActionButtonItem.swift in Sources */ = {isa = PBXBuildFile; fileRef = BC127DDC1C0A65500049C577 /* ActionButtonItem.swift */; };
		BC127DE21C0AB46D0049C577 /* JSONAnnotationModel.swift in Sources */ = {isa = PBXBuildFile; fileRef = BC127DE11C0AB46D0049C577 /* JSONAnnotationModel.swift */; };
		BC1D79711BD43F5600D3F70C /* EmptySegueController.swift in Sources */ = {isa = PBXBuildFile; fileRef = BC1D79701BD43F5600D3F70C /* EmptySegueController.swift */; };
		BC1D79731BD4419000D3F70C /* ContainerViewController.swift in Sources */ = {isa = PBXBuildFile; fileRef = BC1D79721BD4419000D3F70C /* ContainerViewController.swift */; };
		BC1D79751BD466F100D3F70C /* MapViewController.swift in Sources */ = {isa = PBXBuildFile; fileRef = BC1D79741BD466F100D3F70C /* MapViewController.swift */; };
		BC31863D1C06C315004B8BEC /* NavigationController.swift in Sources */ = {isa = PBXBuildFile; fileRef = BC31863C1C06C315004B8BEC /* NavigationController.swift */; };
		BC3186401C06C620004B8BEC /* Defaults.swift in Sources */ = {isa = PBXBuildFile; fileRef = BC31863F1C06C620004B8BEC /* Defaults.swift */; };
		BC499FD81C0B1FCA00618353 /* MKImmidiateDraggableAnnotationView.swift in Sources */ = {isa = PBXBuildFile; fileRef = BC499FD71C0B1FCA00618353 /* MKImmidiateDraggableAnnotationView.swift */; };
		BC499FE01C0CFACF00618353 /* CreateAddViewController.swift in Sources */ = {isa = PBXBuildFile; fileRef = BC499FDF1C0CFACF00618353 /* CreateAddViewController.swift */; };
		BC499FE21C0D0FA700618353 /* NewAdMapViewController.swift in Sources */ = {isa = PBXBuildFile; fileRef = BC499FE11C0D0FA700618353 /* NewAdMapViewController.swift */; };
		BC499FE41C0D144400618353 /* Assets.xcassets in Resources */ = {isa = PBXBuildFile; fileRef = BC499FE31C0D144400618353 /* Assets.xcassets */; };
		BC51092A1BB7A12400F1B72E /* Main.storyboard in Resources */ = {isa = PBXBuildFile; fileRef = BC5109291BB7A12400F1B72E /* Main.storyboard */; };
		BC77405A1C05A4960030B203 /* AdsListViewController.swift in Sources */ = {isa = PBXBuildFile; fileRef = BC7740591C05A4960030B203 /* AdsListViewController.swift */; };
		BCC792AE1BB1436F00FEF355 /* AppDelegate.swift in Sources */ = {isa = PBXBuildFile; fileRef = BCC792AD1BB1436F00FEF355 /* AppDelegate.swift */; };
		BCC792B01BB1436F00FEF355 /* ViewController.swift in Sources */ = {isa = PBXBuildFile; fileRef = BCC792AF1BB1436F00FEF355 /* ViewController.swift */; };
		BCC792B81BB1436F00FEF355 /* LaunchScreen.storyboard in Resources */ = {isa = PBXBuildFile; fileRef = BCC792B61BB1436F00FEF355 /* LaunchScreen.storyboard */; };
		BCC792C11BB1445700FEF355 /* FBSDKCoreKit.framework in Frameworks */ = {isa = PBXBuildFile; fileRef = BCC792C01BB1445700FEF355 /* FBSDKCoreKit.framework */; };
		BCC792C31BB1446500FEF355 /* FBSDKLoginKit.framework in Frameworks */ = {isa = PBXBuildFile; fileRef = BCC792C21BB1446500FEF355 /* FBSDKLoginKit.framework */; };
		BCC792C51BB1447400FEF355 /* FBSDKShareKit.framework in Frameworks */ = {isa = PBXBuildFile; fileRef = BCC792C41BB1447400FEF355 /* FBSDKShareKit.framework */; };
		BCE7E5911BD0A690002BD463 /* SWRevealViewController.m in Sources */ = {isa = PBXBuildFile; fileRef = BCE7E5901BD0A690002BD463 /* SWRevealViewController.m */; };
		BCE7E5931BD0A861002BD463 /* MenuViewController.swift in Sources */ = {isa = PBXBuildFile; fileRef = BCE7E5921BD0A861002BD463 /* MenuViewController.swift */; };
		BCE7E59C1BD0F337002BD463 /* HomeTableViewController.swift in Sources */ = {isa = PBXBuildFile; fileRef = BCE7E59B1BD0F337002BD463 /* HomeTableViewController.swift */; };
		BCE7E59E1BD2E8B1002BD463 /* MapKit.framework in Frameworks */ = {isa = PBXBuildFile; fileRef = BCE7E59D1BD2E8B1002BD463 /* MapKit.framework */; };
		BCF8A4FE1C05AD12001AD8F9 /* SwiftyJSON.framework in Frameworks */ = {isa = PBXBuildFile; fileRef = BCF8A4FD1C05AD12001AD8F9 /* SwiftyJSON.framework */; };
		BCF8A5001C05AE29001AD8F9 /* RestApiManager.swift in Sources */ = {isa = PBXBuildFile; fileRef = BCF8A4FF1C05AE29001AD8F9 /* RestApiManager.swift */; };
		E78742B158CB15BAAB38F496 /* Pods_AroundMe.framework in Frameworks */ = {isa = PBXBuildFile; fileRef = BC0EED1CD2FEBC816E2D91AC /* Pods_AroundMe.framework */; };
/* End PBXBuildFile section */

/* Begin PBXFileReference section */
		084922326F783433AF4BA165 /* Pods-AroundMe.debug.xcconfig */ = {isa = PBXFileReference; includeInIndex = 1; lastKnownFileType = text.xcconfig; name = "Pods-AroundMe.debug.xcconfig"; path = "Pods/Target Support Files/Pods-AroundMe/Pods-AroundMe.debug.xcconfig"; sourceTree = "<group>"; };
		75AF15756ABEBE6C0D7AFFB1 /* Pods-AroundMe.release.xcconfig */ = {isa = PBXFileReference; includeInIndex = 1; lastKnownFileType = text.xcconfig; name = "Pods-AroundMe.release.xcconfig"; path = "Pods/Target Support Files/Pods-AroundMe/Pods-AroundMe.release.xcconfig"; sourceTree = "<group>"; };
		BC0EED1CD2FEBC816E2D91AC /* Pods_AroundMe.framework */ = {isa = PBXFileReference; explicitFileType = wrapper.framework; includeInIndex = 0; path = Pods_AroundMe.framework; sourceTree = BUILT_PRODUCTS_DIR; };
		BC127DD81C099D0A0049C577 /* DetailViewController.swift */ = {isa = PBXFileReference; fileEncoding = 4; lastKnownFileType = sourcecode.swift; path = DetailViewController.swift; sourceTree = "<group>"; };
		BC127DDA1C0A65420049C577 /* ActionButton.swift */ = {isa = PBXFileReference; fileEncoding = 4; lastKnownFileType = sourcecode.swift; path = ActionButton.swift; sourceTree = "<group>"; };
		BC127DDC1C0A65500049C577 /* ActionButtonItem.swift */ = {isa = PBXFileReference; fileEncoding = 4; lastKnownFileType = sourcecode.swift; path = ActionButtonItem.swift; sourceTree = "<group>"; };
		BC127DE11C0AB46D0049C577 /* JSONAnnotationModel.swift */ = {isa = PBXFileReference; fileEncoding = 4; lastKnownFileType = sourcecode.swift; path = JSONAnnotationModel.swift; sourceTree = "<group>"; };
		BC1D79701BD43F5600D3F70C /* EmptySegueController.swift */ = {isa = PBXFileReference; fileEncoding = 4; lastKnownFileType = sourcecode.swift; path = EmptySegueController.swift; sourceTree = "<group>"; };
		BC1D79721BD4419000D3F70C /* ContainerViewController.swift */ = {isa = PBXFileReference; fileEncoding = 4; lastKnownFileType = sourcecode.swift; path = ContainerViewController.swift; sourceTree = "<group>"; };
		BC1D79741BD466F100D3F70C /* MapViewController.swift */ = {isa = PBXFileReference; fileEncoding = 4; lastKnownFileType = sourcecode.swift; path = MapViewController.swift; sourceTree = "<group>"; };
		BC31863C1C06C315004B8BEC /* NavigationController.swift */ = {isa = PBXFileReference; fileEncoding = 4; lastKnownFileType = sourcecode.swift; path = NavigationController.swift; sourceTree = "<group>"; };
		BC31863F1C06C620004B8BEC /* Defaults.swift */ = {isa = PBXFileReference; fileEncoding = 4; lastKnownFileType = sourcecode.swift; path = Defaults.swift; sourceTree = "<group>"; };
		BC499FD71C0B1FCA00618353 /* MKImmidiateDraggableAnnotationView.swift */ = {isa = PBXFileReference; fileEncoding = 4; lastKnownFileType = sourcecode.swift; path = MKImmidiateDraggableAnnotationView.swift; sourceTree = "<group>"; };
		BC499FDF1C0CFACF00618353 /* CreateAddViewController.swift */ = {isa = PBXFileReference; fileEncoding = 4; lastKnownFileType = sourcecode.swift; path = CreateAddViewController.swift; sourceTree = "<group>"; };
		BC499FE11C0D0FA700618353 /* NewAdMapViewController.swift */ = {isa = PBXFileReference; fileEncoding = 4; lastKnownFileType = sourcecode.swift; path = NewAdMapViewController.swift; sourceTree = "<group>"; };
		BC499FE31C0D144400618353 /* Assets.xcassets */ = {isa = PBXFileReference; lastKnownFileType = folder.assetcatalog; path = Assets.xcassets; sourceTree = "<group>"; };
		BC5109291BB7A12400F1B72E /* Main.storyboard */ = {isa = PBXFileReference; fileEncoding = 4; lastKnownFileType = file.storyboard; path = Main.storyboard; sourceTree = "<group>"; };
		BC7740591C05A4960030B203 /* AdsListViewController.swift */ = {isa = PBXFileReference; fileEncoding = 4; lastKnownFileType = sourcecode.swift; path = AdsListViewController.swift; sourceTree = "<group>"; };
		BCA0B7A51C05AB990033C8B5 /* SwiftyJSON.framework */ = {isa = PBXFileReference; lastKnownFileType = wrapper.framework; name = SwiftyJSON.framework; path = "Pods/../build/Debug-iphoneos/SwiftyJSON.framework"; sourceTree = "<group>"; };
		BCC792AA1BB1436F00FEF355 /* AroundMe.app */ = {isa = PBXFileReference; explicitFileType = wrapper.application; includeInIndex = 0; path = AroundMe.app; sourceTree = BUILT_PRODUCTS_DIR; };
		BCC792AD1BB1436F00FEF355 /* AppDelegate.swift */ = {isa = PBXFileReference; lastKnownFileType = sourcecode.swift; path = AppDelegate.swift; sourceTree = "<group>"; };
		BCC792AF1BB1436F00FEF355 /* ViewController.swift */ = {isa = PBXFileReference; lastKnownFileType = sourcecode.swift; path = ViewController.swift; sourceTree = "<group>"; };
		BCC792B71BB1436F00FEF355 /* Base */ = {isa = PBXFileReference; lastKnownFileType = file.storyboard; name = Base; path = Base.lproj/LaunchScreen.storyboard; sourceTree = "<group>"; };
		BCC792B91BB1436F00FEF355 /* Info.plist */ = {isa = PBXFileReference; lastKnownFileType = text.plist.xml; path = Info.plist; sourceTree = "<group>"; };
		BCC792C01BB1445700FEF355 /* FBSDKCoreKit.framework */ = {isa = PBXFileReference; lastKnownFileType = wrapper.framework; path = FBSDKCoreKit.framework; sourceTree = "<group>"; };
		BCC792C21BB1446500FEF355 /* FBSDKLoginKit.framework */ = {isa = PBXFileReference; lastKnownFileType = wrapper.framework; path = FBSDKLoginKit.framework; sourceTree = "<group>"; };
		BCC792C41BB1447400FEF355 /* FBSDKShareKit.framework */ = {isa = PBXFileReference; lastKnownFileType = wrapper.framework; path = FBSDKShareKit.framework; sourceTree = "<group>"; };
		BCE7E58E1BD0A68F002BD463 /* AroundMe-Bridging-Header.h */ = {isa = PBXFileReference; lastKnownFileType = sourcecode.c.h; path = "AroundMe-Bridging-Header.h"; sourceTree = "<group>"; };
		BCE7E58F1BD0A690002BD463 /* SWRevealViewController.h */ = {isa = PBXFileReference; fileEncoding = 4; lastKnownFileType = sourcecode.c.h; path = SWRevealViewController.h; sourceTree = "<group>"; };
		BCE7E5901BD0A690002BD463 /* SWRevealViewController.m */ = {isa = PBXFileReference; fileEncoding = 4; lastKnownFileType = sourcecode.c.objc; path = SWRevealViewController.m; sourceTree = "<group>"; };
		BCE7E5921BD0A861002BD463 /* MenuViewController.swift */ = {isa = PBXFileReference; fileEncoding = 4; lastKnownFileType = sourcecode.swift; path = MenuViewController.swift; sourceTree = "<group>"; };
		BCE7E59B1BD0F337002BD463 /* HomeTableViewController.swift */ = {isa = PBXFileReference; fileEncoding = 4; lastKnownFileType = sourcecode.swift; path = HomeTableViewController.swift; sourceTree = "<group>"; };
		BCE7E59D1BD2E8B1002BD463 /* MapKit.framework */ = {isa = PBXFileReference; lastKnownFileType = wrapper.framework; name = MapKit.framework; path = System/Library/Frameworks/MapKit.framework; sourceTree = SDKROOT; };
		BCF8A4FD1C05AD12001AD8F9 /* SwiftyJSON.framework */ = {isa = PBXFileReference; lastKnownFileType = wrapper.framework; name = SwiftyJSON.framework; path = "Pods/../build/Debug-iphoneos/SwiftyJSON.framework"; sourceTree = "<group>"; };
		BCF8A4FF1C05AE29001AD8F9 /* RestApiManager.swift */ = {isa = PBXFileReference; fileEncoding = 4; lastKnownFileType = sourcecode.swift; path = RestApiManager.swift; sourceTree = "<group>"; };
/* End PBXFileReference section */

/* Begin PBXFrameworksBuildPhase section */
		BCC792A71BB1436F00FEF355 /* Frameworks */ = {
			isa = PBXFrameworksBuildPhase;
			buildActionMask = 2147483647;
			files = (
				BCF8A4FE1C05AD12001AD8F9 /* SwiftyJSON.framework in Frameworks */,
				BCE7E59E1BD2E8B1002BD463 /* MapKit.framework in Frameworks */,
				BCC792C31BB1446500FEF355 /* FBSDKLoginKit.framework in Frameworks */,
				BCC792C11BB1445700FEF355 /* FBSDKCoreKit.framework in Frameworks */,
				BCC792C51BB1447400FEF355 /* FBSDKShareKit.framework in Frameworks */,
				E78742B158CB15BAAB38F496 /* Pods_AroundMe.framework in Frameworks */,
			);
			runOnlyForDeploymentPostprocessing = 0;
		};
/* End PBXFrameworksBuildPhase section */

/* Begin PBXGroup section */
		60772758F599915F48DCF3F7 /* Pods */ = {
			isa = PBXGroup;
			children = (
				084922326F783433AF4BA165 /* Pods-AroundMe.debug.xcconfig */,
				75AF15756ABEBE6C0D7AFFB1 /* Pods-AroundMe.release.xcconfig */,
			);
			name = Pods;
			sourceTree = "<group>";
		};
		BC31863B1C06C2ED004B8BEC /* NavigationContollers */ = {
			isa = PBXGroup;
			children = (
				BC1D79701BD43F5600D3F70C /* EmptySegueController.swift */,
				BC31863C1C06C315004B8BEC /* NavigationController.swift */,
				BCE7E59B1BD0F337002BD463 /* HomeTableViewController.swift */,
			);
			name = NavigationContollers;
			sourceTree = "<group>";
		};
		BC31863E1C06C607004B8BEC /* Configs */ = {
			isa = PBXGroup;
			children = (
				BC31863F1C06C620004B8BEC /* Defaults.swift */,
			);
			name = Configs;
			sourceTree = "<group>";
		};
		BC3186411C07B59E004B8BEC /* Screens */ = {
			isa = PBXGroup;
			children = (
				BCC792AF1BB1436F00FEF355 /* ViewController.swift */,
				BCE7E5921BD0A861002BD463 /* MenuViewController.swift */,
				BC1D79721BD4419000D3F70C /* ContainerViewController.swift */,
				BC1D79741BD466F100D3F70C /* MapViewController.swift */,
				BC7740591C05A4960030B203 /* AdsListViewController.swift */,
				BC127DD81C099D0A0049C577 /* DetailViewController.swift */,
				BC499FDF1C0CFACF00618353 /* CreateAddViewController.swift */,
				BC499FE11C0D0FA700618353 /* NewAdMapViewController.swift */,
			);
			name = Screens;
			sourceTree = "<group>";
		};
		BC499FD91C0B1FD600618353 /* Models */ = {
			isa = PBXGroup;
			children = (
				BC499FD71C0B1FCA00618353 /* MKImmidiateDraggableAnnotationView.swift */,
				BC127DE11C0AB46D0049C577 /* JSONAnnotationModel.swift */,
			);
			name = Models;
			sourceTree = "<group>";
		};
		BC499FDA1C0B1FE700618353 /* Apis */ = {
			isa = PBXGroup;
			children = (
				BCF8A4FF1C05AE29001AD8F9 /* RestApiManager.swift */,
			);
			name = Apis;
			sourceTree = "<group>";
		};
		BC499FDB1C0B201C00618353 /* Other */ = {
			isa = PBXGroup;
			children = (
				BCC792B61BB1436F00FEF355 /* LaunchScreen.storyboard */,
				BCC792AD1BB1436F00FEF355 /* AppDelegate.swift */,
			);
			name = Other;
			sourceTree = "<group>";
		};
		BC5416EB1BD30F1C002DBBDF /* ActionButton */ = {
			isa = PBXGroup;
			children = (
				BC127DDC1C0A65500049C577 /* ActionButtonItem.swift */,
				BC127DDA1C0A65420049C577 /* ActionButton.swift */,
			);
			name = ActionButton;
			sourceTree = "<group>";
		};
		BCC792A11BB1436F00FEF355 = {
			isa = PBXGroup;
			children = (
				BCC792BF1BB1443700FEF355 /* Frameworks */,
				BCC792AC1BB1436F00FEF355 /* AroundMe */,
				BCC792AB1BB1436F00FEF355 /* Products */,
				60772758F599915F48DCF3F7 /* Pods */,
			);
			sourceTree = "<group>";
		};
		BCC792AB1BB1436F00FEF355 /* Products */ = {
			isa = PBXGroup;
			children = (
				BCC792AA1BB1436F00FEF355 /* AroundMe.app */,
			);
			name = Products;
			sourceTree = "<group>";
		};
		BCC792AC1BB1436F00FEF355 /* AroundMe */ = {
			isa = PBXGroup;
			children = (
				BC499FDB1C0B201C00618353 /* Other */,
				BC499FDA1C0B1FE700618353 /* Apis */,
				BC499FD91C0B1FD600618353 /* Models */,
				BC31863E1C06C607004B8BEC /* Configs */,
				BC3186411C07B59E004B8BEC /* Screens */,
				BC31863B1C06C2ED004B8BEC /* NavigationContollers */,
				BC5416EB1BD30F1C002DBBDF /* ActionButton */,
				BCE7E58D1BD0A675002BD463 /* SWRevealViewController */,
				BC5109291BB7A12400F1B72E /* Main.storyboard */,
				BCC792B91BB1436F00FEF355 /* Info.plist */,
			);
			path = AroundMe;
			sourceTree = "<group>";
		};
		BCC792BF1BB1443700FEF355 /* Frameworks */ = {
			isa = PBXGroup;
			children = (
				BCF8A4FD1C05AD12001AD8F9 /* SwiftyJSON.framework */,
				BCA0B7A51C05AB990033C8B5 /* SwiftyJSON.framework */,
				BCE7E59D1BD2E8B1002BD463 /* MapKit.framework */,
				BCC792C41BB1447400FEF355 /* FBSDKShareKit.framework */,
				BCC792C21BB1446500FEF355 /* FBSDKLoginKit.framework */,
				BCC792C01BB1445700FEF355 /* FBSDKCoreKit.framework */,
				BC0EED1CD2FEBC816E2D91AC /* Pods_AroundMe.framework */,
			);
			name = Frameworks;
			sourceTree = "<group>";
		};
		BCE7E58D1BD0A675002BD463 /* SWRevealViewController */ = {
			isa = PBXGroup;
			children = (
				BC499FE31C0D144400618353 /* Assets.xcassets */,
				BCE7E58F1BD0A690002BD463 /* SWRevealViewController.h */,
				BCE7E5901BD0A690002BD463 /* SWRevealViewController.m */,
				BCE7E58E1BD0A68F002BD463 /* AroundMe-Bridging-Header.h */,
			);
			name = SWRevealViewController;
			sourceTree = "<group>";
		};
/* End PBXGroup section */

/* Begin PBXNativeTarget section */
		BCC792A91BB1436F00FEF355 /* AroundMe */ = {
			isa = PBXNativeTarget;
			buildConfigurationList = BCC792BC1BB1436F00FEF355 /* Build configuration list for PBXNativeTarget "AroundMe" */;
			buildPhases = (
				11D7F04433FA6A654F18526A /* Check Pods Manifest.lock */,
				BCC792A61BB1436F00FEF355 /* Sources */,
				BCC792A71BB1436F00FEF355 /* Frameworks */,
				BCC792A81BB1436F00FEF355 /* Resources */,
				1D326FFC0A2A0D6BB187CEF3 /* Embed Pods Frameworks */,
				EA0688EB476842B32F11E652 /* Copy Pods Resources */,
			);
			buildRules = (
			);
			dependencies = (
			);
			name = AroundMe;
			productName = AroundMe;
			productReference = BCC792AA1BB1436F00FEF355 /* AroundMe.app */;
			productType = "com.apple.product-type.application";
		};
/* End PBXNativeTarget section */

/* Begin PBXProject section */
		BCC792A21BB1436F00FEF355 /* Project object */ = {
			isa = PBXProject;
			attributes = {
				LastSwiftUpdateCheck = 0700;
				LastUpgradeCheck = 0700;
				ORGANIZATIONNAME = "Rohit Kondekar";
				TargetAttributes = {
					BCC792A91BB1436F00FEF355 = {
						CreatedOnToolsVersion = 7.0;
						DevelopmentTeam = P8F3J9YB4B;
					};
				};
			};
			buildConfigurationList = BCC792A51BB1436F00FEF355 /* Build configuration list for PBXProject "AroundMe" */;
			compatibilityVersion = "Xcode 3.2";
			developmentRegion = English;
			hasScannedForEncodings = 0;
			knownRegions = (
				en,
				Base,
			);
			mainGroup = BCC792A11BB1436F00FEF355;
			productRefGroup = BCC792AB1BB1436F00FEF355 /* Products */;
			projectDirPath = "";
			projectRoot = "";
			targets = (
				BCC792A91BB1436F00FEF355 /* AroundMe */,
			);
		};
/* End PBXProject section */

/* Begin PBXResourcesBuildPhase section */
		BCC792A81BB1436F00FEF355 /* Resources */ = {
			isa = PBXResourcesBuildPhase;
			buildActionMask = 2147483647;
			files = (
				BC51092A1BB7A12400F1B72E /* Main.storyboard in Resources */,
				BC499FE41C0D144400618353 /* Assets.xcassets in Resources */,
				BCC792B81BB1436F00FEF355 /* LaunchScreen.storyboard in Resources */,
			);
			runOnlyForDeploymentPostprocessing = 0;
		};
/* End PBXResourcesBuildPhase section */

/* Begin PBXShellScriptBuildPhase section */
		11D7F04433FA6A654F18526A /* Check Pods Manifest.lock */ = {
			isa = PBXShellScriptBuildPhase;
			buildActionMask = 2147483647;
			files = (
			);
			inputPaths = (
			);
			name = "Check Pods Manifest.lock";
			outputPaths = (
			);
			runOnlyForDeploymentPostprocessing = 0;
			shellPath = /bin/sh;
			shellScript = "diff \"${PODS_ROOT}/../Podfile.lock\" \"${PODS_ROOT}/Manifest.lock\" > /dev/null\nif [[ $? != 0 ]] ; then\n    cat << EOM\nerror: The sandbox is not in sync with the Podfile.lock. Run 'pod install' or update your CocoaPods installation.\nEOM\n    exit 1\nfi\n";
			showEnvVarsInLog = 0;
		};
		1D326FFC0A2A0D6BB187CEF3 /* Embed Pods Frameworks */ = {
			isa = PBXShellScriptBuildPhase;
			buildActionMask = 2147483647;
			files = (
			);
			inputPaths = (
			);
			name = "Embed Pods Frameworks";
			outputPaths = (
			);
			runOnlyForDeploymentPostprocessing = 0;
			shellPath = /bin/sh;
			shellScript = "\"${SRCROOT}/Pods/Target Support Files/Pods-AroundMe/Pods-AroundMe-frameworks.sh\"\n";
			showEnvVarsInLog = 0;
		};
		EA0688EB476842B32F11E652 /* Copy Pods Resources */ = {
			isa = PBXShellScriptBuildPhase;
			buildActionMask = 2147483647;
			files = (
			);
			inputPaths = (
			);
			name = "Copy Pods Resources";
			outputPaths = (
			);
			runOnlyForDeploymentPostprocessing = 0;
			shellPath = /bin/sh;
			shellScript = "\"${SRCROOT}/Pods/Target Support Files/Pods-AroundMe/Pods-AroundMe-resources.sh\"\n";
			showEnvVarsInLog = 0;
		};
/* End PBXShellScriptBuildPhase section */

/* Begin PBXSourcesBuildPhase section */
		BCC792A61BB1436F00FEF355 /* Sources */ = {
			isa = PBXSourcesBuildPhase;
			buildActionMask = 2147483647;
			files = (
				BC499FE01C0CFACF00618353 /* CreateAddViewController.swift in Sources */,
				BCC792B01BB1436F00FEF355 /* ViewController.swift in Sources */,
				BC3186401C06C620004B8BEC /* Defaults.swift in Sources */,
				BC1D79711BD43F5600D3F70C /* EmptySegueController.swift in Sources */,
				BCF8A5001C05AE29001AD8F9 /* RestApiManager.swift in Sources */,
				BC499FE21C0D0FA700618353 /* NewAdMapViewController.swift in Sources */,
				BC1D79751BD466F100D3F70C /* MapViewController.swift in Sources */,
				BC77405A1C05A4960030B203 /* AdsListViewController.swift in Sources */,
				BC127DDD1C0A65500049C577 /* ActionButtonItem.swift in Sources */,
				BCE7E5931BD0A861002BD463 /* MenuViewController.swift in Sources */,
				BCC792AE1BB1436F00FEF355 /* AppDelegate.swift in Sources */,
				BC31863D1C06C315004B8BEC /* NavigationController.swift in Sources */,
				BC127DE21C0AB46D0049C577 /* JSONAnnotationModel.swift in Sources */,
				BCE7E5911BD0A690002BD463 /* SWRevealViewController.m in Sources */,
				BCE7E59C1BD0F337002BD463 /* HomeTableViewController.swift in Sources */,
				BC127DD91C099D0A0049C577 /* DetailViewController.swift in Sources */,
				BC1D79731BD4419000D3F70C /* ContainerViewController.swift in Sources */,
				BC499FD81C0B1FCA00618353 /* MKImmidiateDraggableAnnotationView.swift in Sources */,
				BC127DDB1C0A65420049C577 /* ActionButton.swift in Sources */,
			);
			runOnlyForDeploymentPostprocessing = 0;
		};
/* End PBXSourcesBuildPhase section */

/* Begin PBXVariantGroup section */
		BCC792B61BB1436F00FEF355 /* LaunchScreen.storyboard */ = {
			isa = PBXVariantGroup;
			children = (
				BCC792B71BB1436F00FEF355 /* Base */,
			);
			name = LaunchScreen.storyboard;
			sourceTree = "<group>";
		};
/* End PBXVariantGroup section */

/* Begin XCBuildConfiguration section */
		BCC792BA1BB1436F00FEF355 /* Debug */ = {
			isa = XCBuildConfiguration;
			buildSettings = {
				ALWAYS_SEARCH_USER_PATHS = NO;
				CLANG_CXX_LANGUAGE_STANDARD = "gnu++0x";
				CLANG_CXX_LIBRARY = "libc++";
				CLANG_ENABLE_MODULES = YES;
				CLANG_ENABLE_OBJC_ARC = YES;
				CLANG_WARN_BOOL_CONVERSION = YES;
				CLANG_WARN_CONSTANT_CONVERSION = YES;
				CLANG_WARN_DIRECT_OBJC_ISA_USAGE = YES_ERROR;
				CLANG_WARN_EMPTY_BODY = YES;
				CLANG_WARN_ENUM_CONVERSION = YES;
				CLANG_WARN_INT_CONVERSION = YES;
				CLANG_WARN_OBJC_ROOT_CLASS = YES_ERROR;
				CLANG_WARN_UNREACHABLE_CODE = YES;
				CLANG_WARN__DUPLICATE_METHOD_MATCH = YES;
				"CODE_SIGN_IDENTITY[sdk=iphoneos*]" = "iPhone Developer";
				COPY_PHASE_STRIP = NO;
				DEBUG_INFORMATION_FORMAT = dwarf;
				ENABLE_STRICT_OBJC_MSGSEND = YES;
				ENABLE_TESTABILITY = YES;
				GCC_C_LANGUAGE_STANDARD = gnu99;
				GCC_DYNAMIC_NO_PIC = NO;
				GCC_NO_COMMON_BLOCKS = YES;
				GCC_OPTIMIZATION_LEVEL = 0;
				GCC_PREPROCESSOR_DEFINITIONS = (
					"DEBUG=1",
					"$(inherited)",
				);
				GCC_WARN_64_TO_32_BIT_CONVERSION = YES;
				GCC_WARN_ABOUT_RETURN_TYPE = YES_ERROR;
				GCC_WARN_UNDECLARED_SELECTOR = YES;
				GCC_WARN_UNINITIALIZED_AUTOS = YES_AGGRESSIVE;
				GCC_WARN_UNUSED_FUNCTION = YES;
				GCC_WARN_UNUSED_VARIABLE = YES;
				IPHONEOS_DEPLOYMENT_TARGET = 9.0;
				MTL_ENABLE_DEBUG_INFO = YES;
				ONLY_ACTIVE_ARCH = YES;
				SDKROOT = iphoneos;
				SWIFT_OPTIMIZATION_LEVEL = "-Onone";
			};
			name = Debug;
		};
		BCC792BB1BB1436F00FEF355 /* Release */ = {
			isa = XCBuildConfiguration;
			buildSettings = {
				ALWAYS_SEARCH_USER_PATHS = NO;
				CLANG_CXX_LANGUAGE_STANDARD = "gnu++0x";
				CLANG_CXX_LIBRARY = "libc++";
				CLANG_ENABLE_MODULES = YES;
				CLANG_ENABLE_OBJC_ARC = YES;
				CLANG_WARN_BOOL_CONVERSION = YES;
				CLANG_WARN_CONSTANT_CONVERSION = YES;
				CLANG_WARN_DIRECT_OBJC_ISA_USAGE = YES_ERROR;
				CLANG_WARN_EMPTY_BODY = YES;
				CLANG_WARN_ENUM_CONVERSION = YES;
				CLANG_WARN_INT_CONVERSION = YES;
				CLANG_WARN_OBJC_ROOT_CLASS = YES_ERROR;
				CLANG_WARN_UNREACHABLE_CODE = YES;
				CLANG_WARN__DUPLICATE_METHOD_MATCH = YES;
				"CODE_SIGN_IDENTITY[sdk=iphoneos*]" = "iPhone Developer";
				COPY_PHASE_STRIP = NO;
				DEBUG_INFORMATION_FORMAT = "dwarf-with-dsym";
				ENABLE_NS_ASSERTIONS = NO;
				ENABLE_STRICT_OBJC_MSGSEND = YES;
				GCC_C_LANGUAGE_STANDARD = gnu99;
				GCC_NO_COMMON_BLOCKS = YES;
				GCC_WARN_64_TO_32_BIT_CONVERSION = YES;
				GCC_WARN_ABOUT_RETURN_TYPE = YES_ERROR;
				GCC_WARN_UNDECLARED_SELECTOR = YES;
				GCC_WARN_UNINITIALIZED_AUTOS = YES_AGGRESSIVE;
				GCC_WARN_UNUSED_FUNCTION = YES;
				GCC_WARN_UNUSED_VARIABLE = YES;
				IPHONEOS_DEPLOYMENT_TARGET = 9.0;
				MTL_ENABLE_DEBUG_INFO = NO;
				SDKROOT = iphoneos;
				VALIDATE_PRODUCT = YES;
			};
			name = Release;
		};
		BCC792BD1BB1436F00FEF355 /* Debug */ = {
			isa = XCBuildConfiguration;
			baseConfigurationReference = 084922326F783433AF4BA165 /* Pods-AroundMe.debug.xcconfig */;
			buildSettings = {
				ASSETCATALOG_COMPILER_APPICON_NAME = AppIcon;
				CLANG_ENABLE_MODULES = YES;
				FRAMEWORK_SEARCH_PATHS = (
					"$(inherited)",
					"$(PROJECT_DIR)",
					"$(PROJECT_DIR)/build/Debug-iphoneos",
				);
				INFOPLIST_FILE = AroundMe/Info.plist;
				LD_RUNPATH_SEARCH_PATHS = "$(inherited) @executable_path/Frameworks";
				PRODUCT_BUNDLE_IDENTIFIER = com.example.AroundMe;
				PRODUCT_NAME = "$(TARGET_NAME)";
				SWIFT_OBJC_BRIDGING_HEADER = "AroundMe/AroundMe-Bridging-Header.h";
				SWIFT_OPTIMIZATION_LEVEL = "-Onone";
			};
			name = Debug;
		};
		BCC792BE1BB1436F00FEF355 /* Release */ = {
			isa = XCBuildConfiguration;
			baseConfigurationReference = 75AF15756ABEBE6C0D7AFFB1 /* Pods-AroundMe.release.xcconfig */;
			buildSettings = {
				ASSETCATALOG_COMPILER_APPICON_NAME = AppIcon;
				CLANG_ENABLE_MODULES = YES;
				FRAMEWORK_SEARCH_PATHS = (
					"$(inherited)",
					"$(PROJECT_DIR)",
					"$(PROJECT_DIR)/build/Debug-iphoneos",
				);
				INFOPLIST_FILE = AroundMe/Info.plist;
				LD_RUNPATH_SEARCH_PATHS = "$(inherited) @executable_path/Frameworks";
				PRODUCT_BUNDLE_IDENTIFIER = com.example.AroundMe;
				PRODUCT_NAME = "$(TARGET_NAME)";
				SWIFT_OBJC_BRIDGING_HEADER = "AroundMe/AroundMe-Bridging-Header.h";
			};
			name = Release;
		};
/* End XCBuildConfiguration section */

/* Begin XCConfigurationList section */
		BCC792A51BB1436F00FEF355 /* Build configuration list for PBXProject "AroundMe" */ = {
			isa = XCConfigurationList;
			buildConfigurations = (
				BCC792BA1BB1436F00FEF355 /* Debug */,
				BCC792BB1BB1436F00FEF355 /* Release */,
			);
			defaultConfigurationIsVisible = 0;
			defaultConfigurationName = Release;
		};
		BCC792BC1BB1436F00FEF355 /* Build configuration list for PBXNativeTarget "AroundMe" */ = {
			isa = XCConfigurationList;
			buildConfigurations = (
				BCC792BD1BB1436F00FEF355 /* Debug */,
				BCC792BE1BB1436F00FEF355 /* Release */,
			);
			defaultConfigurationIsVisible = 0;
			defaultConfigurationName = Release;
		};
/* End XCConfigurationList section */
	};
	rootObject = BCC792A21BB1436F00FEF355 /* Project object */;
}
